
Microsoft Visual Studio Solution File, Format Version 12.00
# Visual Studio 15
VisualStudioVersion = 15.0.28307.779
MinimumVisualStudioVersion = 10.0.40219.1
Project("{8BC9CEB8-8B4A-11D0-8D11-00A0C91BC942}") = "AA1_02", "src\AA1_02\AA1_02.vcxproj", "{EA867509-78EC-4505-B0E7-24DBCFBBA754}"
EndProject
Project("{8BC9CEB8-8B4A-11D0-8D11-00A0C91BC942}") = "XML", "src\XML\XML.vcxproj", "{57E3F463-0266-4C6D-B0A9-316BC4FC6C70}"
EndProject
Project("{8BC9CEB8-8B4A-11D0-8D11-00A0C91BC942}") = "SDL", "src\SDL_Test\SDL.vcxproj", "{FF1FC7C2-6ACC-4D59-82BF-0454ECB694E0}"
EndProject
Global
	GlobalSection(SolutionConfigurationPlatforms) = preSolution
		Debug|x64 = Debug|x64
		Debug|x86 = Debug|x86
		Release|x64 = Release|x64
		Release|x86 = Release|x86
	EndGlobalSection
	GlobalSection(ProjectConfigurationPlatforms) = postSolution
		{EA867509-78EC-4505-B0E7-24DBCFBBA754}.Debug|x64.ActiveCfg = Debug|x64
		{EA867509-78EC-4505-B0E7-24DBCFBBA754}.Debug|x64.Build.0 = Debug|x64
		{EA867509-78EC-4505-B0E7-24DBCFBBA754}.Debug|x86.ActiveCfg = Debug|Win32
		{EA867509-78EC-4505-B0E7-24DBCFBBA754}.Debug|x86.Build.0 = Debug|Win32
		{EA867509-78EC-4505-B0E7-24DBCFBBA754}.Release|x64.ActiveCfg = Release|x64
		{EA867509-78EC-4505-B0E7-24DBCFBBA754}.Release|x64.Build.0 = Release|x64
		{EA867509-78EC-4505-B0E7-24DBCFBBA754}.Release|x86.ActiveCfg = Release|Win32
		{EA867509-78EC-4505-B0E7-24DBCFBBA754}.Release|x86.Build.0 = Release|Win32
		{57E3F463-0266-4C6D-B0A9-316BC4FC6C70}.Debug|x64.ActiveCfg = Debug|x64
		{57E3F463-0266-4C6D-B0A9-316BC4FC6C70}.Debug|x64.Build.0 = Debug|x64
		{57E3F463-0266-4C6D-B0A9-316BC4FC6C70}.Debug|x86.ActiveCfg = Debug|Win32
		{57E3F463-0266-4C6D-B0A9-316BC4FC6C70}.Debug|x86.Build.0 = Debug|Win32
		{57E3F463-0266-4C6D-B0A9-316BC4FC6C70}.Release|x64.ActiveCfg = Release|x64
		{57E3F463-0266-4C6D-B0A9-316BC4FC6C70}.Release|x64.Build.0 = Release|x64
		{57E3F463-0266-4C6D-B0A9-316BC4FC6C70}.Release|x86.ActiveCfg = Release|Win32
		{57E3F463-0266-4C6D-B0A9-316BC4FC6C70}.Release|x86.Build.0 = Release|Win32
		{FF1FC7C2-6ACC-4D59-82BF-0454ECB694E0}.Debug|x64.ActiveCfg = Debug|x64
		{FF1FC7C2-6ACC-4D59-82BF-0454ECB694E0}.Debug|x64.Build.0 = Debug|x64
		{FF1FC7C2-6ACC-4D59-82BF-0454ECB694E0}.Debug|x86.ActiveCfg = Debug|Win32
		{FF1FC7C2-6ACC-4D59-82BF-0454ECB694E0}.Debug|x86.Build.0 = Debug|Win32
		{FF1FC7C2-6ACC-4D59-82BF-0454ECB694E0}.Release|x64.ActiveCfg = Release|x64
		{FF1FC7C2-6ACC-4D59-82BF-0454ECB694E0}.Release|x64.Build.0 = Release|x64
		{FF1FC7C2-6ACC-4D59-82BF-0454ECB694E0}.Release|x86.ActiveCfg = Release|Win32
		{FF1FC7C2-6ACC-4D59-82BF-0454ECB694E0}.Release|x86.Build.0 = Release|Win32
	EndGlobalSection
	GlobalSection(SolutionProperties) = preSolution
		HideSolutionNode = FALSE
	EndGlobalSection
	GlobalSection(ExtensibilityGlobals) = postSolution
		SolutionGuid = {3FBAC9DC-BE26-44A2-AC59-F5D4E07CD570}
	EndGlobalSection
EndGlobal
